
Microsoft Visual Studio Solution File, Format Version 12.00
# Visual Studio Version 17
VisualStudioVersion = 17.11.35303.130
MinimumVisualStudioVersion = 10.0.40219.1
Project("{9A19103F-16F7-4668-BE54-9A1E7A4F7556}") = "DataProtection.Web", "DataProtection.Web\DataProtection.Web.csproj", "{A45304EC-6F18-4A71-9F2A-35656ED31532}"
EndProject
Project("{9A19103F-16F7-4668-BE54-9A1E7A4F7556}") = "WhiteBlackList.Web", "WhiteBlackList.Web\WhiteBlackList.Web.csproj", "{04120F40-EBC8-4D80-8076-395308D38D3D}"
EndProject
Project("{FAE04EC0-301F-11D3-BF4B-00C04F79EFBC}") = "SecretProtection.Web", "SecretProtection.Web\SecretProtection.Web.csproj", "{C62AE8E9-96E7-416E-88CC-4C3202C32B86}"
EndProject
Project("{FAE04EC0-301F-11D3-BF4B-00C04F79EFBC}") = "MyWeb.API", "MyWeb.API\MyWeb.API.csproj", "{C3BBF852-DE9F-43F9-99FB-3168EB2DE942}"
EndProject
Project("{FAE04EC0-301F-11D3-BF4B-00C04F79EFBC}") = "MyWeb.Web", "MyWeb.Web\MyWeb.Web.csproj", "{AE79B74B-975C-4948-BF39-E0B07954E470}"
EndProject
Global
	GlobalSection(SolutionConfigurationPlatforms) = preSolution
		Debug|Any CPU = Debug|Any CPU
		Release|Any CPU = Release|Any CPU
	EndGlobalSection
	GlobalSection(ProjectConfigurationPlatforms) = postSolution
		{A45304EC-6F18-4A71-9F2A-35656ED31532}.Debug|Any CPU.ActiveCfg = Debug|Any CPU
		{A45304EC-6F18-4A71-9F2A-35656ED31532}.Debug|Any CPU.Build.0 = Debug|Any CPU
		{A45304EC-6F18-4A71-9F2A-35656ED31532}.Release|Any CPU.ActiveCfg = Release|Any CPU
		{A45304EC-6F18-4A71-9F2A-35656ED31532}.Release|Any CPU.Build.0 = Release|Any CPU
		{04120F40-EBC8-4D80-8076-395308D38D3D}.Debug|Any CPU.ActiveCfg = Debug|Any CPU
		{04120F40-EBC8-4D80-8076-395308D38D3D}.Debug|Any CPU.Build.0 = Debug|Any CPU
		{04120F40-EBC8-4D80-8076-395308D38D3D}.Release|Any CPU.ActiveCfg = Release|Any CPU
		{04120F40-EBC8-4D80-8076-395308D38D3D}.Release|Any CPU.Build.0 = Release|Any CPU
		{C62AE8E9-96E7-416E-88CC-4C3202C32B86}.Debug|Any CPU.ActiveCfg = Debug|Any CPU
		{C62AE8E9-96E7-416E-88CC-4C3202C32B86}.Debug|Any CPU.Build.0 = Debug|Any CPU
		{C62AE8E9-96E7-416E-88CC-4C3202C32B86}.Release|Any CPU.ActiveCfg = Release|Any CPU
		{C62AE8E9-96E7-416E-88CC-4C3202C32B86}.Release|Any CPU.Build.0 = Release|Any CPU
		{C3BBF852-DE9F-43F9-99FB-3168EB2DE942}.Debug|Any CPU.ActiveCfg = Debug|Any CPU
		{C3BBF852-DE9F-43F9-99FB-3168EB2DE942}.Debug|Any CPU.Build.0 = Debug|Any CPU
		{C3BBF852-DE9F-43F9-99FB-3168EB2DE942}.Release|Any CPU.ActiveCfg = Release|Any CPU
		{C3BBF852-DE9F-43F9-99FB-3168EB2DE942}.Release|Any CPU.Build.0 = Release|Any CPU
		{AE79B74B-975C-4948-BF39-E0B07954E470}.Debug|Any CPU.ActiveCfg = Debug|Any CPU
		{AE79B74B-975C-4948-BF39-E0B07954E470}.Debug|Any CPU.Build.0 = Debug|Any CPU
		{AE79B74B-975C-4948-BF39-E0B07954E470}.Release|Any CPU.ActiveCfg = Release|Any CPU
		{AE79B74B-975C-4948-BF39-E0B07954E470}.Release|Any CPU.Build.0 = Release|Any CPU
	EndGlobalSection
	GlobalSection(SolutionProperties) = preSolution
		HideSolutionNode = FALSE
	EndGlobalSection
	GlobalSection(ExtensibilityGlobals) = postSolution
		SolutionGuid = {3AADD45F-8439-4237-891E-90BB94900CB9}
	EndGlobalSection
EndGlobal
